
Microsoft Visual Studio Solution File, Format Version 12.00
# Visual Studio 14
VisualStudioVersion = 14.0.25420.1
MinimumVisualStudioVersion = 10.0.40219.1
Project("{FAE04EC0-301F-11D3-BF4B-00C04F79EFBC}") = "Games", "Games\Games.csproj", "{F98BE460-40BE-40A9-9632-1E0003447EBC}"
EndProject
Project("{FAE04EC0-301F-11D3-BF4B-00C04F79EFBC}") = "Low Level Objects Library", "Low Level Objects Library\Low Level Objects Library.csproj", "{DD8D01FE-3BD9-46D0-AA59-99B638936AE2}"
EndProject
Project("{FAE04EC0-301F-11D3-BF4B-00C04F79EFBC}") = "Game Logic Library", "Game Logic Library\Game Logic Library.csproj", "{FE8C291F-5440-4B09-B936-DA310D3A42D8}"
EndProject
Global
	GlobalSection(SolutionConfigurationPlatforms) = preSolution
		Debug|Any CPU = Debug|Any CPU
		Release|Any CPU = Release|Any CPU
	EndGlobalSection
	GlobalSection(ProjectConfigurationPlatforms) = postSolution
		{F98BE460-40BE-40A9-9632-1E0003447EBC}.Debug|Any CPU.ActiveCfg = Debug|Any CPU
		{F98BE460-40BE-40A9-9632-1E0003447EBC}.Debug|Any CPU.Build.0 = Debug|Any CPU
		{F98BE460-40BE-40A9-9632-1E0003447EBC}.Release|Any CPU.ActiveCfg = Release|Any CPU
		{F98BE460-40BE-40A9-9632-1E0003447EBC}.Release|Any CPU.Build.0 = Release|Any CPU
		{DD8D01FE-3BD9-46D0-AA59-99B638936AE2}.Debug|Any CPU.ActiveCfg = Debug|Any CPU
		{DD8D01FE-3BD9-46D0-AA59-99B638936AE2}.Debug|Any CPU.Build.0 = Debug|Any CPU
		{DD8D01FE-3BD9-46D0-AA59-99B638936AE2}.Release|Any CPU.ActiveCfg = Release|Any CPU
		{DD8D01FE-3BD9-46D0-AA59-99B638936AE2}.Release|Any CPU.Build.0 = Release|Any CPU
		{FE8C291F-5440-4B09-B936-DA310D3A42D8}.Debug|Any CPU.ActiveCfg = Debug|Any CPU
		{FE8C291F-5440-4B09-B936-DA310D3A42D8}.Debug|Any CPU.Build.0 = Debug|Any CPU
		{FE8C291F-5440-4B09-B936-DA310D3A42D8}.Release|Any CPU.ActiveCfg = Release|Any CPU
		{FE8C291F-5440-4B09-B936-DA310D3A42D8}.Release|Any CPU.Build.0 = Release|Any CPU
	EndGlobalSection
	GlobalSection(SolutionProperties) = preSolution
		HideSolutionNode = FALSE
	EndGlobalSection
EndGlobal
